{
  "version": 4,
  "terraform_version": "1.15.5",
  "serial": 2,
  "lineage": "81657851-bd8c-4c52-0ed7-42a83f3f2134",
  "outputs": {
    "instance_id": {
      "value": null,
      "type": "string"
    },
    "instance_public_dns": {
      "value": null,
      "type": "string"
    },
    "instance_public_ip": {
      "value": null,
      "type": "string"
    },
    "key_pair_name": {
      "value": "harbour-space-key",
      "type": "string"
    },
    "private_key_pem": {
      "value": null,
      "type": "string",
      "sensitive": true
    },
    "security_group_id": {
      "value": "sg-0dc449ee6b81c42c9",
      "type": "string"
    }
  },
  "resources": [
    {
      "mode": "managed",
      "type": "aws_key_pair",
      "name": "my_ec2_key",
      "provider": "provider[\"registry.terraform.io/hashicorp/aws\"]",
      "instances": [
        {
          "schema_version": 1,
          "attributes": {
            "arn": "arn:aws:ec2:eu-north-1:445411727950:key-pair/harbour-space-key",
            "fingerprint": "c9:d0:6e:07:86:7b:74:4e:78:be:d4:15:7f:e3:be:4e",
            "id": "harbour-space-key",
            "key_name": "harbour-space-key",
            "key_name_prefix": "",
            "key_pair_id": "key-0571a875d7c5b2a74",
            "key_type": "rsa",
            "public_key": null,
            "tags": {
              "Name": "harbour-space-key"
            },
            "tags_all": {
              "Name": "harbour-space-key"
            }
          },
          "sensitive_attributes": [],
          "identity_schema_version": 0,
          "private": "eyJzY2hlbWFfdmVyc2lvbiI6IjEifQ=="
        }
      ]
    },
    {
      "mode": "managed",
      "type": "aws_security_group",
      "name": "my_ec2_sg",
      "provider": "provider[\"registry.terraform.io/hashicorp/aws\"]",
      "instances": [
        {
          "schema_version": 1,
          "attributes": {
            "arn": "arn:aws:ec2:eu-north-1:445411727950:security-group/sg-0dc449ee6b81c42c9",
            "description": "Security group for harbour-space-app",
            "egress": [
              {
                "cidr_blocks": [
                  "0.0.0.0/0"
                ],
                "description": "",
                "from_port": 0,
                "ipv6_cidr_blocks": [],
                "prefix_list_ids": [],
                "protocol": "-1",
                "security_groups": [],
                "self": false,
                "to_port": 0
              }
            ],
            "id": "sg-0dc449ee6b81c42c9",
            "ingress": [
              {
                "cidr_blocks": [
                  "0.0.0.0/0"
                ],
                "description": "",
                "from_port": 22,
                "ipv6_cidr_blocks": [],
                "prefix_list_ids": [],
                "protocol": "tcp",
                "security_groups": [],
                "self": false,
                "to_port": 22
              },
              {
                "cidr_blocks": [
                  "0.0.0.0/0"
                ],
                "description": "",
                "from_port": 4444,
                "ipv6_cidr_blocks": [],
                "prefix_list_ids": [],
                "protocol": "tcp",
                "security_groups": [],
                "self": false,
                "to_port": 4444
              }
            ],
            "name": "harbour-space-sg",
            "name_prefix": "",
            "owner_id": "445411727950",
            "revoke_rules_on_delete": null,
            "tags": {
              "Name": "harbour-space-sg"
            },
            "tags_all": {
              "Name": "harbour-space-sg"
            },
            "timeouts": null,
            "vpc_id": "vpc-0c37569dc613b8d2a"
          },
          "sensitive_attributes": [],
          "identity_schema_version": 0,
          "private": "eyJlMmJmYjczMC1lY2FhLTExZTYtOGY4OC0zNDM2M2JjN2M0YzAiOnsiY3JlYXRlIjo2MDAwMDAwMDAwMDAsImRlbGV0ZSI6OTAwMDAwMDAwMDAwfSwic2NoZW1hX3ZlcnNpb24iOiIxIn0="
        }
      ]
    }
  ],
  "check_results": null
}
